
Microsoft Visual Studio Solution File, Format Version 12.00
# Visual Studio Version 17
VisualStudioVersion = 17.3.32825.248
MinimumVisualStudioVersion = 10.0.40219.1
Project("{9A19103F-16F7-4668-BE54-9A1E7A4F7556}") = "Homework-One", "Homework-One\Homework-One.csproj", "{B879A509-902F-4144-809E-6B8CF32EAD27}"
EndProject
Project("{FAE04EC0-301F-11D3-BF4B-00C04F79EFBC}") = "Homework-Two", "Homework-Two\Homework-Two.csproj", "{E7C36B94-7F82-46F8-BD53-24FF630CF181}"
EndProject
Global
	GlobalSection(SolutionConfigurationPlatforms) = preSolution
		Debug|Any CPU = Debug|Any CPU
		Release|Any CPU = Release|Any CPU
	EndGlobalSection
	GlobalSection(ProjectConfigurationPlatforms) = postSolution
		{B879A509-902F-4144-809E-6B8CF32EAD27}.Debug|Any CPU.ActiveCfg = Debug|Any CPU
		{B879A509-902F-4144-809E-6B8CF32EAD27}.Debug|Any CPU.Build.0 = Debug|Any CPU
		{B879A509-902F-4144-809E-6B8CF32EAD27}.Release|Any CPU.ActiveCfg = Release|Any CPU
		{B879A509-902F-4144-809E-6B8CF32EAD27}.Release|Any CPU.Build.0 = Release|Any CPU
		{E7C36B94-7F82-46F8-BD53-24FF630CF181}.Debug|Any CPU.ActiveCfg = Debug|Any CPU
		{E7C36B94-7F82-46F8-BD53-24FF630CF181}.Debug|Any CPU.Build.0 = Debug|Any CPU
		{E7C36B94-7F82-46F8-BD53-24FF630CF181}.Release|Any CPU.ActiveCfg = Release|Any CPU
		{E7C36B94-7F82-46F8-BD53-24FF630CF181}.Release|Any CPU.Build.0 = Release|Any CPU
	EndGlobalSection
	GlobalSection(SolutionProperties) = preSolution
		HideSolutionNode = FALSE
	EndGlobalSection
	GlobalSection(ExtensibilityGlobals) = postSolution
		SolutionGuid = {C941C3E7-6257-41D7-BC7D-EA6C184883DD}
	EndGlobalSection
EndGlobal
