
Microsoft Visual Studio Solution File, Format Version 12.00
# Visual Studio Version 17
VisualStudioVersion = 17.5.33516.290
MinimumVisualStudioVersion = 10.0.40219.1
Project("{FAE04EC0-301F-11D3-BF4B-00C04F79EFBC}") = "Homework-Four", "Homework-Four\Homework-Four.csproj", "{BA39F393-A135-4186-9F52-3E11DDA2C545}"
EndProject
Global
	GlobalSection(SolutionConfigurationPlatforms) = preSolution
		Debug|Any CPU = Debug|Any CPU
		Release|Any CPU = Release|Any CPU
	EndGlobalSection
	GlobalSection(ProjectConfigurationPlatforms) = postSolution
		{BA39F393-A135-4186-9F52-3E11DDA2C545}.Debug|Any CPU.ActiveCfg = Debug|Any CPU
		{BA39F393-A135-4186-9F52-3E11DDA2C545}.Debug|Any CPU.Build.0 = Debug|Any CPU
		{BA39F393-A135-4186-9F52-3E11DDA2C545}.Release|Any CPU.ActiveCfg = Release|Any CPU
		{BA39F393-A135-4186-9F52-3E11DDA2C545}.Release|Any CPU.Build.0 = Release|Any CPU
	EndGlobalSection
	GlobalSection(SolutionProperties) = preSolution
		HideSolutionNode = FALSE
	EndGlobalSection
	GlobalSection(ExtensibilityGlobals) = postSolution
		SolutionGuid = {C3CEEBE3-F5A3-4F25-BC78-EDB8122C157C}
	EndGlobalSection
EndGlobal
